# This file is automatically @generated by Cargo.
# It is not intended for manual editing.
version = 4

[[package]]
name = "libc"
version = "1.0.0-alpha.4"
source = "registry+https://github.com/rust-lang/crates.io-index"
checksum = "9d0f24f33af482526a4e3f9b47f0abb2c6377a1713c8aa4a8106994689a4cfa5"

[[package]]
name = "temp-rs-cli"
version = "0.1.0"

[[package]]
name = "temp-rs-compiler"
version = "0.1.0"

[[package]]
name = "temp-rs-core"
version = "0.1.0"

[[package]]
name = "temp-rs-dylib-loader"
version = "0.1.0"
dependencies = [
 "libc",
]
